PODS:
  - ADragDropView (1.0.3)
  - CircularProgressMac (0.1.3)

DEPENDENCIES:
  - ADragDropView
  - CircularProgressMac

SPEC REPOS:
  https://github.com/cocoapods/specs.git:
    - ADragDropView
    - CircularProgressMac

SPEC CHECKSUMS:
  ADragDropView: 556fb85e52360c2a05bcf5539c4c4ec8b457824c
  CircularProgressMac: 9b99568f0a16e304285bb7f2b2fc89026b101551

PODFILE CHECKSUM: 443ceca2d8cc8bcf50f5cffda836bdbfb6c7b48a

COCOAPODS: 1.6.1
