PODS:
  - ADragDropView (1.0.3)
  - CircularProgressMac (0.1.3)

DEPENDENCIES:
  - ADragDropView
  - CircularProgressMac

SPEC REPOS:
  https://github.com/cocoapods/specs.git:
    - ADragDropView
    - CircularProgressMac

SPEC CHECKSUMS:
  ADragDropView: 556fb85e52360c2a05bcf5539c4c4ec8b457824c
  CircularProgressMac: 9b99568f0a16e304285bb7f2b2fc89026b101551

PODFILE CHECKSUM: 6c95b2262e6520e7706dd73a45a9bc9a2c7c11ae

COCOAPODS: 1.6.1
